{
  "name": "overload-protection-demos",
  "version": "1.0.0",
  "lockfileVersion": 1,
  "requires": true,
  "dependencies": {
    "loopbench": {
      "version": "1.2.0",
      "resolved": "https://registry.npmmirror.com/loopbench/-/loopbench-1.2.0.tgz",
      "integrity": "sha512-ft2PmuZnDw+DJQfT5mpEWudEBRzlpImh7mU7OcPGmefsKlW8Ck0U6nrCCdcwYF+z9zc0SVBzGZA1F1gUfHZuJw==",
      "requires": {
        "xtend": "^4.0.1"
      }
    },
    "overload-protection": {
      "version": "1.2.3",
      "resolved": "https://registry.npmmirror.com/overload-protection/-/overload-protection-1.2.3.tgz",
      "integrity": "sha512-b7XZbmhujnqNoK0Z6NPzA/nhfQnE08ZTHSzzjTMwegb5N9oBAAApx3f9u2R/f3VGaACTQj6QJnGUfX1oFttqfg==",
      "requires": {
        "loopbench": "^1.2.0"
      }
    },
    "xtend": {
      "version": "4.0.2",
      "resolved": "https://registry.npmmirror.com/xtend/-/xtend-4.0.2.tgz",
      "integrity": "sha512-LKYU1iAXJXUgAXn9URjiu+MWhyUXHsvfp7mcuYm9dSUKK0/CjtrUwFAxD82/mCWbtLsGjFIad0wIsod4zrTAEQ=="
    }
  }
}
